github.com/tencentcloud/tencentcloud-sdk-go/tencentcloud/common v1.0.551 h1:D7k3bWBxNv7EyWh/AVqh90dqCIIwqHyxSFLFhnbMMoo=
github.com/tencentcloud/tencentcloud-sdk-go/tencentcloud/common v1.0.551/go.mod h1:7sCQWVkxcsR38nffDW057DRGk8mUjK1Ing/EFOK8s8Y=
github.com/tencentcloud/tencentcloud-sdk-go/tencentcloud/essbasic v1.0.551 h1:Ts5+bl1kvb8MmUwGLBsl1Vd1xsExWDTwEoycDv6cVHc=
github.com/tencentcloud/tencentcloud-sdk-go/tencentcloud/essbasic v1.0.551/go.mod h1:c20XMXSZkChvLUyOoN1seIO0uUlZ3Z7qd3yW4HKDoXk=
